
Microsoft Visual Studio Solution File, Format Version 12.00
# Visual Studio Version 16
VisualStudioVersion = 16.6.30114.105
MinimumVisualStudioVersion = 10.0.40219.1
Project("{9A19103F-16F7-4668-BE54-9A1E7A4F7556}") = "R5T.I0088-1001", "R5T.I0088-1001\R5T.I0088-1001.csproj", "{7D6F7052-B5CD-40EE-B6C6-FE3CE57D3657}"
EndProject
Project("{2150E333-8FDC-42A3-9474-1A3956D46DE8}") = "_Dependencies", "_Dependencies", "{ED2364FD-9DF1-4A65-890D-949F0FE1780E}"
EndProject
Project("{9A19103F-16F7-4668-BE54-9A1E7A4F7556}") = "R5T.D0088", "..\..\R5T.D0088\source\R5T.D0088\R5T.D0088.csproj", "{C7F69BA7-A41C-463C-8033-22DCA139678E}"
EndProject
Project("{9A19103F-16F7-4668-BE54-9A1E7A4F7556}") = "R5T.L0013", "..\..\R5T.L0013\source\R5T.L0013\R5T.L0013.csproj", "{92CF28A3-5268-4B15-8CE5-8D961AC2EA41}"
EndProject
Project("{9A19103F-16F7-4668-BE54-9A1E7A4F7556}") = "R5T.L0015", "..\..\R5T.L0015\source\R5T.L0015\R5T.L0015.csproj", "{AE7DAAFF-763D-4FC8-B673-C4B4770D0BC2}"
EndProject
Project("{9A19103F-16F7-4668-BE54-9A1E7A4F7556}") = "R5T.T0064", "..\..\R5T.T0064\source\R5T.T0064\R5T.T0064.csproj", "{AC159A7B-CBF8-4FDB-8B10-8C832C6AB691}"
EndProject
Project("{9A19103F-16F7-4668-BE54-9A1E7A4F7556}") = "R5T.D1001.I001", "..\..\R5T.D1001\source\R5T.D1001.I001\R5T.D1001.I001.csproj", "{14B2FC4D-2561-49B1-9AA2-0C1AF9D5CD5F}"
EndProject
Project("{9A19103F-16F7-4668-BE54-9A1E7A4F7556}") = "R5T.D1001.A001", "..\..\R5T.D1001\source\R5T.D1001.A001\R5T.D1001.A001.csproj", "{25EF1857-466D-4E1F-A0B9-404ACD0CAE97}"
EndProject
Project("{9A19103F-16F7-4668-BE54-9A1E7A4F7556}") = "R5T.T0062.X001", "..\..\R5T.T0062\source\R5T.T0062.X001\R5T.T0062.X001.csproj", "{BF6331C6-C6A8-4163-ACDB-73DD5348BD67}"
EndProject
Project("{9A19103F-16F7-4668-BE54-9A1E7A4F7556}") = "R5T.T0063", "..\..\R5T.T0063\source\R5T.T0063\R5T.T0063.csproj", "{728E67C3-97B8-401E-A288-79D9100783B4}"
EndProject
Project("{9A19103F-16F7-4668-BE54-9A1E7A4F7556}") = "R5T.T0062", "..\..\R5T.T0062\source\R5T.T0062\R5T.T0062.csproj", "{95D7F267-9CB8-41C6-8EF5-26ABBB0888D6}"
EndProject
Project("{9A19103F-16F7-4668-BE54-9A1E7A4F7556}") = "R5T.T0039.T002", "..\..\R5T.T0039\source\R5T.T0039.T002\R5T.T0039.T002.csproj", "{D8781288-D0F7-4793-A33E-A3C34B071C61}"
EndProject
Project("{9A19103F-16F7-4668-BE54-9A1E7A4F7556}") = "R5T.D1001.Base", "..\..\R5T.D1001\source\R5T.D1001.Base\R5T.D1001.Base.csproj", "{A7522999-035A-40E3-8CFF-5517FC3D1B3D}"
EndProject
Global
	GlobalSection(SolutionConfigurationPlatforms) = preSolution
		Debug|Any CPU = Debug|Any CPU
		Debug|x64 = Debug|x64
		Debug|x86 = Debug|x86
		Release|Any CPU = Release|Any CPU
		Release|x64 = Release|x64
		Release|x86 = Release|x86
	EndGlobalSection
	GlobalSection(ProjectConfigurationPlatforms) = postSolution
		{7D6F7052-B5CD-40EE-B6C6-FE3CE57D3657}.Debug|Any CPU.ActiveCfg = Debug|Any CPU
		{7D6F7052-B5CD-40EE-B6C6-FE3CE57D3657}.Debug|Any CPU.Build.0 = Debug|Any CPU
		{7D6F7052-B5CD-40EE-B6C6-FE3CE57D3657}.Debug|x64.ActiveCfg = Debug|Any CPU
		{7D6F7052-B5CD-40EE-B6C6-FE3CE57D3657}.Debug|x64.Build.0 = Debug|Any CPU
		{7D6F7052-B5CD-40EE-B6C6-FE3CE57D3657}.Debug|x86.ActiveCfg = Debug|Any CPU
		{7D6F7052-B5CD-40EE-B6C6-FE3CE57D3657}.Debug|x86.Build.0 = Debug|Any CPU
		{7D6F7052-B5CD-40EE-B6C6-FE3CE57D3657}.Release|Any CPU.ActiveCfg = Release|Any CPU
		{7D6F7052-B5CD-40EE-B6C6-FE3CE57D3657}.Release|Any CPU.Build.0 = Release|Any CPU
		{7D6F7052-B5CD-40EE-B6C6-FE3CE57D3657}.Release|x64.ActiveCfg = Release|Any CPU
		{7D6F7052-B5CD-40EE-B6C6-FE3CE57D3657}.Release|x64.Build.0 = Release|Any CPU
		{7D6F7052-B5CD-40EE-B6C6-FE3CE57D3657}.Release|x86.ActiveCfg = Release|Any CPU
		{7D6F7052-B5CD-40EE-B6C6-FE3CE57D3657}.Release|x86.Build.0 = Release|Any CPU
		{C7F69BA7-A41C-463C-8033-22DCA139678E}.Debug|Any CPU.ActiveCfg = Debug|Any CPU
		{C7F69BA7-A41C-463C-8033-22DCA139678E}.Debug|Any CPU.Build.0 = Debug|Any CPU
		{C7F69BA7-A41C-463C-8033-22DCA139678E}.Debug|x64.ActiveCfg = Debug|Any CPU
		{C7F69BA7-A41C-463C-8033-22DCA139678E}.Debug|x64.Build.0 = Debug|Any CPU
		{C7F69BA7-A41C-463C-8033-22DCA139678E}.Debug|x86.ActiveCfg = Debug|Any CPU
		{C7F69BA7-A41C-463C-8033-22DCA139678E}.Debug|x86.Build.0 = Debug|Any CPU
		{C7F69BA7-A41C-463C-8033-22DCA139678E}.Release|Any CPU.ActiveCfg = Release|Any CPU
		{C7F69BA7-A41C-463C-8033-22DCA139678E}.Release|Any CPU.Build.0 = Release|Any CPU
		{C7F69BA7-A41C-463C-8033-22DCA139678E}.Release|x64.ActiveCfg = Release|Any CPU
		{C7F69BA7-A41C-463C-8033-22DCA139678E}.Release|x64.Build.0 = Release|Any CPU
		{C7F69BA7-A41C-463C-8033-22DCA139678E}.Release|x86.ActiveCfg = Release|Any CPU
		{C7F69BA7-A41C-463C-8033-22DCA139678E}.Release|x86.Build.0 = Release|Any CPU
		{92CF28A3-5268-4B15-8CE5-8D961AC2EA41}.Debug|Any CPU.ActiveCfg = Debug|Any CPU
		{92CF28A3-5268-4B15-8CE5-8D961AC2EA41}.Debug|Any CPU.Build.0 = Debug|Any CPU
		{92CF28A3-5268-4B15-8CE5-8D961AC2EA41}.Debug|x64.ActiveCfg = Debug|Any CPU
		{92CF28A3-5268-4B15-8CE5-8D961AC2EA41}.Debug|x64.Build.0 = Debug|Any CPU
		{92CF28A3-5268-4B15-8CE5-8D961AC2EA41}.Debug|x86.ActiveCfg = Debug|Any CPU
		{92CF28A3-5268-4B15-8CE5-8D961AC2EA41}.Debug|x86.Build.0 = Debug|Any CPU
		{92CF28A3-5268-4B15-8CE5-8D961AC2EA41}.Release|Any CPU.ActiveCfg = Release|Any CPU
		{92CF28A3-5268-4B15-8CE5-8D961AC2EA41}.Release|Any CPU.Build.0 = Release|Any CPU
		{92CF28A3-5268-4B15-8CE5-8D961AC2EA41}.Release|x64.ActiveCfg = Release|Any CPU
		{92CF28A3-5268-4B15-8CE5-8D961AC2EA41}.Release|x64.Build.0 = Release|Any CPU
		{92CF28A3-5268-4B15-8CE5-8D961AC2EA41}.Release|x86.ActiveCfg = Release|Any CPU
		{92CF28A3-5268-4B15-8CE5-8D961AC2EA41}.Release|x86.Build.0 = Release|Any CPU
		{AE7DAAFF-763D-4FC8-B673-C4B4770D0BC2}.Debug|Any CPU.ActiveCfg = Debug|Any CPU
		{AE7DAAFF-763D-4FC8-B673-C4B4770D0BC2}.Debug|Any CPU.Build.0 = Debug|Any CPU
		{AE7DAAFF-763D-4FC8-B673-C4B4770D0BC2}.Debug|x64.ActiveCfg = Debug|Any CPU
		{AE7DAAFF-763D-4FC8-B673-C4B4770D0BC2}.Debug|x64.Build.0 = Debug|Any CPU
		{AE7DAAFF-763D-4FC8-B673-C4B4770D0BC2}.Debug|x86.ActiveCfg = Debug|Any CPU
		{AE7DAAFF-763D-4FC8-B673-C4B4770D0BC2}.Debug|x86.Build.0 = Debug|Any CPU
		{AE7DAAFF-763D-4FC8-B673-C4B4770D0BC2}.Release|Any CPU.ActiveCfg = Release|Any CPU
		{AE7DAAFF-763D-4FC8-B673-C4B4770D0BC2}.Release|Any CPU.Build.0 = Release|Any CPU
		{AE7DAAFF-763D-4FC8-B673-C4B4770D0BC2}.Release|x64.ActiveCfg = Release|Any CPU
		{AE7DAAFF-763D-4FC8-B673-C4B4770D0BC2}.Release|x64.Build.0 = Release|Any CPU
		{AE7DAAFF-763D-4FC8-B673-C4B4770D0BC2}.Release|x86.ActiveCfg = Release|Any CPU
		{AE7DAAFF-763D-4FC8-B673-C4B4770D0BC2}.Release|x86.Build.0 = Release|Any CPU
		{AC159A7B-CBF8-4FDB-8B10-8C832C6AB691}.Debug|Any CPU.ActiveCfg = Debug|Any CPU
		{AC159A7B-CBF8-4FDB-8B10-8C832C6AB691}.Debug|Any CPU.Build.0 = Debug|Any CPU
		{AC159A7B-CBF8-4FDB-8B10-8C832C6AB691}.Debug|x64.ActiveCfg = Debug|Any CPU
		{AC159A7B-CBF8-4FDB-8B10-8C832C6AB691}.Debug|x64.Build.0 = Debug|Any CPU
		{AC159A7B-CBF8-4FDB-8B10-8C832C6AB691}.Debug|x86.ActiveCfg = Debug|Any CPU
		{AC159A7B-CBF8-4FDB-8B10-8C832C6AB691}.Debug|x86.Build.0 = Debug|Any CPU
		{AC159A7B-CBF8-4FDB-8B10-8C832C6AB691}.Release|Any CPU.ActiveCfg = Release|Any CPU
		{AC159A7B-CBF8-4FDB-8B10-8C832C6AB691}.Release|Any CPU.Build.0 = Release|Any CPU
		{AC159A7B-CBF8-4FDB-8B10-8C832C6AB691}.Release|x64.ActiveCfg = Release|Any CPU
		{AC159A7B-CBF8-4FDB-8B10-8C832C6AB691}.Release|x64.Build.0 = Release|Any CPU
		{AC159A7B-CBF8-4FDB-8B10-8C832C6AB691}.Release|x86.ActiveCfg = Release|Any CPU
		{AC159A7B-CBF8-4FDB-8B10-8C832C6AB691}.Release|x86.Build.0 = Release|Any CPU
		{14B2FC4D-2561-49B1-9AA2-0C1AF9D5CD5F}.Debug|Any CPU.ActiveCfg = Debug|Any CPU
		{14B2FC4D-2561-49B1-9AA2-0C1AF9D5CD5F}.Debug|Any CPU.Build.0 = Debug|Any CPU
		{14B2FC4D-2561-49B1-9AA2-0C1AF9D5CD5F}.Debug|x64.ActiveCfg = Debug|Any CPU
		{14B2FC4D-2561-49B1-9AA2-0C1AF9D5CD5F}.Debug|x64.Build.0 = Debug|Any CPU
		{14B2FC4D-2561-49B1-9AA2-0C1AF9D5CD5F}.Debug|x86.ActiveCfg = Debug|Any CPU
		{14B2FC4D-2561-49B1-9AA2-0C1AF9D5CD5F}.Debug|x86.Build.0 = Debug|Any CPU
		{14B2FC4D-2561-49B1-9AA2-0C1AF9D5CD5F}.Release|Any CPU.ActiveCfg = Release|Any CPU
		{14B2FC4D-2561-49B1-9AA2-0C1AF9D5CD5F}.Release|Any CPU.Build.0 = Release|Any CPU
		{14B2FC4D-2561-49B1-9AA2-0C1AF9D5CD5F}.Release|x64.ActiveCfg = Release|Any CPU
		{14B2FC4D-2561-49B1-9AA2-0C1AF9D5CD5F}.Release|x64.Build.0 = Release|Any CPU
		{14B2FC4D-2561-49B1-9AA2-0C1AF9D5CD5F}.Release|x86.ActiveCfg = Release|Any CPU
		{14B2FC4D-2561-49B1-9AA2-0C1AF9D5CD5F}.Release|x86.Build.0 = Release|Any CPU
		{25EF1857-466D-4E1F-A0B9-404ACD0CAE97}.Debug|Any CPU.ActiveCfg = Debug|Any CPU
		{25EF1857-466D-4E1F-A0B9-404ACD0CAE97}.Debug|Any CPU.Build.0 = Debug|Any CPU
		{25EF1857-466D-4E1F-A0B9-404ACD0CAE97}.Debug|x64.ActiveCfg = Debug|Any CPU
		{25EF1857-466D-4E1F-A0B9-404ACD0CAE97}.Debug|x64.Build.0 = Debug|Any CPU
		{25EF1857-466D-4E1F-A0B9-404ACD0CAE97}.Debug|x86.ActiveCfg = Debug|Any CPU
		{25EF1857-466D-4E1F-A0B9-404ACD0CAE97}.Debug|x86.Build.0 = Debug|Any CPU
		{25EF1857-466D-4E1F-A0B9-404ACD0CAE97}.Release|Any CPU.ActiveCfg = Release|Any CPU
		{25EF1857-466D-4E1F-A0B9-404ACD0CAE97}.Release|Any CPU.Build.0 = Release|Any CPU
		{25EF1857-466D-4E1F-A0B9-404ACD0CAE97}.Release|x64.ActiveCfg = Release|Any CPU
		{25EF1857-466D-4E1F-A0B9-404ACD0CAE97}.Release|x64.Build.0 = Release|Any CPU
		{25EF1857-466D-4E1F-A0B9-404ACD0CAE97}.Release|x86.ActiveCfg = Release|Any CPU
		{25EF1857-466D-4E1F-A0B9-404ACD0CAE97}.Release|x86.Build.0 = Release|Any CPU
		{BF6331C6-C6A8-4163-ACDB-73DD5348BD67}.Debug|Any CPU.ActiveCfg = Debug|Any CPU
		{BF6331C6-C6A8-4163-ACDB-73DD5348BD67}.Debug|Any CPU.Build.0 = Debug|Any CPU
		{BF6331C6-C6A8-4163-ACDB-73DD5348BD67}.Debug|x64.ActiveCfg = Debug|Any CPU
		{BF6331C6-C6A8-4163-ACDB-73DD5348BD67}.Debug|x64.Build.0 = Debug|Any CPU
		{BF6331C6-C6A8-4163-ACDB-73DD5348BD67}.Debug|x86.ActiveCfg = Debug|Any CPU
		{BF6331C6-C6A8-4163-ACDB-73DD5348BD67}.Debug|x86.Build.0 = Debug|Any CPU
		{BF6331C6-C6A8-4163-ACDB-73DD5348BD67}.Release|Any CPU.ActiveCfg = Release|Any CPU
		{BF6331C6-C6A8-4163-ACDB-73DD5348BD67}.Release|Any CPU.Build.0 = Release|Any CPU
		{BF6331C6-C6A8-4163-ACDB-73DD5348BD67}.Release|x64.ActiveCfg = Release|Any CPU
		{BF6331C6-C6A8-4163-ACDB-73DD5348BD67}.Release|x64.Build.0 = Release|Any CPU
		{BF6331C6-C6A8-4163-ACDB-73DD5348BD67}.Release|x86.ActiveCfg = Release|Any CPU
		{BF6331C6-C6A8-4163-ACDB-73DD5348BD67}.Release|x86.Build.0 = Release|Any CPU
		{728E67C3-97B8-401E-A288-79D9100783B4}.Debug|Any CPU.ActiveCfg = Debug|Any CPU
		{728E67C3-97B8-401E-A288-79D9100783B4}.Debug|Any CPU.Build.0 = Debug|Any CPU
		{728E67C3-97B8-401E-A288-79D9100783B4}.Debug|x64.ActiveCfg = Debug|Any CPU
		{728E67C3-97B8-401E-A288-79D9100783B4}.Debug|x64.Build.0 = Debug|Any CPU
		{728E67C3-97B8-401E-A288-79D9100783B4}.Debug|x86.ActiveCfg = Debug|Any CPU
		{728E67C3-97B8-401E-A288-79D9100783B4}.Debug|x86.Build.0 = Debug|Any CPU
		{728E67C3-97B8-401E-A288-79D9100783B4}.Release|Any CPU.ActiveCfg = Release|Any CPU
		{728E67C3-97B8-401E-A288-79D9100783B4}.Release|Any CPU.Build.0 = Release|Any CPU
		{728E67C3-97B8-401E-A288-79D9100783B4}.Release|x64.ActiveCfg = Release|Any CPU
		{728E67C3-97B8-401E-A288-79D9100783B4}.Release|x64.Build.0 = Release|Any CPU
		{728E67C3-97B8-401E-A288-79D9100783B4}.Release|x86.ActiveCfg = Release|Any CPU
		{728E67C3-97B8-401E-A288-79D9100783B4}.Release|x86.Build.0 = Release|Any CPU
		{95D7F267-9CB8-41C6-8EF5-26ABBB0888D6}.Debug|Any CPU.ActiveCfg = Debug|Any CPU
		{95D7F267-9CB8-41C6-8EF5-26ABBB0888D6}.Debug|Any CPU.Build.0 = Debug|Any CPU
		{95D7F267-9CB8-41C6-8EF5-26ABBB0888D6}.Debug|x64.ActiveCfg = Debug|Any CPU
		{95D7F267-9CB8-41C6-8EF5-26ABBB0888D6}.Debug|x64.Build.0 = Debug|Any CPU
		{95D7F267-9CB8-41C6-8EF5-26ABBB0888D6}.Debug|x86.ActiveCfg = Debug|Any CPU
		{95D7F267-9CB8-41C6-8EF5-26ABBB0888D6}.Debug|x86.Build.0 = Debug|Any CPU
		{95D7F267-9CB8-41C6-8EF5-26ABBB0888D6}.Release|Any CPU.ActiveCfg = Release|Any CPU
		{95D7F267-9CB8-41C6-8EF5-26ABBB0888D6}.Release|Any CPU.Build.0 = Release|Any CPU
		{95D7F267-9CB8-41C6-8EF5-26ABBB0888D6}.Release|x64.ActiveCfg = Release|Any CPU
		{95D7F267-9CB8-41C6-8EF5-26ABBB0888D6}.Release|x64.Build.0 = Release|Any CPU
		{95D7F267-9CB8-41C6-8EF5-26ABBB0888D6}.Release|x86.ActiveCfg = Release|Any CPU
		{95D7F267-9CB8-41C6-8EF5-26ABBB0888D6}.Release|x86.Build.0 = Release|Any CPU
		{D8781288-D0F7-4793-A33E-A3C34B071C61}.Debug|Any CPU.ActiveCfg = Debug|Any CPU
		{D8781288-D0F7-4793-A33E-A3C34B071C61}.Debug|Any CPU.Build.0 = Debug|Any CPU
		{D8781288-D0F7-4793-A33E-A3C34B071C61}.Debug|x64.ActiveCfg = Debug|Any CPU
		{D8781288-D0F7-4793-A33E-A3C34B071C61}.Debug|x64.Build.0 = Debug|Any CPU
		{D8781288-D0F7-4793-A33E-A3C34B071C61}.Debug|x86.ActiveCfg = Debug|Any CPU
		{D8781288-D0F7-4793-A33E-A3C34B071C61}.Debug|x86.Build.0 = Debug|Any CPU
		{D8781288-D0F7-4793-A33E-A3C34B071C61}.Release|Any CPU.ActiveCfg = Release|Any CPU
		{D8781288-D0F7-4793-A33E-A3C34B071C61}.Release|Any CPU.Build.0 = Release|Any CPU
		{D8781288-D0F7-4793-A33E-A3C34B071C61}.Release|x64.ActiveCfg = Release|Any CPU
		{D8781288-D0F7-4793-A33E-A3C34B071C61}.Release|x64.Build.0 = Release|Any CPU
		{D8781288-D0F7-4793-A33E-A3C34B071C61}.Release|x86.ActiveCfg = Release|Any CPU
		{D8781288-D0F7-4793-A33E-A3C34B071C61}.Release|x86.Build.0 = Release|Any CPU
		{A7522999-035A-40E3-8CFF-5517FC3D1B3D}.Debug|Any CPU.ActiveCfg = Debug|Any CPU
		{A7522999-035A-40E3-8CFF-5517FC3D1B3D}.Debug|Any CPU.Build.0 = Debug|Any CPU
		{A7522999-035A-40E3-8CFF-5517FC3D1B3D}.Debug|x64.ActiveCfg = Debug|Any CPU
		{A7522999-035A-40E3-8CFF-5517FC3D1B3D}.Debug|x64.Build.0 = Debug|Any CPU
		{A7522999-035A-40E3-8CFF-5517FC3D1B3D}.Debug|x86.ActiveCfg = Debug|Any CPU
		{A7522999-035A-40E3-8CFF-5517FC3D1B3D}.Debug|x86.Build.0 = Debug|Any CPU
		{A7522999-035A-40E3-8CFF-5517FC3D1B3D}.Release|Any CPU.ActiveCfg = Release|Any CPU
		{A7522999-035A-40E3-8CFF-5517FC3D1B3D}.Release|Any CPU.Build.0 = Release|Any CPU
		{A7522999-035A-40E3-8CFF-5517FC3D1B3D}.Release|x64.ActiveCfg = Release|Any CPU
		{A7522999-035A-40E3-8CFF-5517FC3D1B3D}.Release|x64.Build.0 = Release|Any CPU
		{A7522999-035A-40E3-8CFF-5517FC3D1B3D}.Release|x86.ActiveCfg = Release|Any CPU
		{A7522999-035A-40E3-8CFF-5517FC3D1B3D}.Release|x86.Build.0 = Release|Any CPU
	EndGlobalSection
	GlobalSection(SolutionProperties) = preSolution
		HideSolutionNode = FALSE
	EndGlobalSection
	GlobalSection(NestedProjects) = preSolution
		{C7F69BA7-A41C-463C-8033-22DCA139678E} = {ED2364FD-9DF1-4A65-890D-949F0FE1780E}
		{92CF28A3-5268-4B15-8CE5-8D961AC2EA41} = {ED2364FD-9DF1-4A65-890D-949F0FE1780E}
		{AE7DAAFF-763D-4FC8-B673-C4B4770D0BC2} = {ED2364FD-9DF1-4A65-890D-949F0FE1780E}
		{AC159A7B-CBF8-4FDB-8B10-8C832C6AB691} = {ED2364FD-9DF1-4A65-890D-949F0FE1780E}
		{14B2FC4D-2561-49B1-9AA2-0C1AF9D5CD5F} = {ED2364FD-9DF1-4A65-890D-949F0FE1780E}
		{25EF1857-466D-4E1F-A0B9-404ACD0CAE97} = {ED2364FD-9DF1-4A65-890D-949F0FE1780E}
		{BF6331C6-C6A8-4163-ACDB-73DD5348BD67} = {ED2364FD-9DF1-4A65-890D-949F0FE1780E}
		{728E67C3-97B8-401E-A288-79D9100783B4} = {ED2364FD-9DF1-4A65-890D-949F0FE1780E}
		{95D7F267-9CB8-41C6-8EF5-26ABBB0888D6} = {ED2364FD-9DF1-4A65-890D-949F0FE1780E}
		{D8781288-D0F7-4793-A33E-A3C34B071C61} = {ED2364FD-9DF1-4A65-890D-949F0FE1780E}
		{A7522999-035A-40E3-8CFF-5517FC3D1B3D} = {ED2364FD-9DF1-4A65-890D-949F0FE1780E}
	EndGlobalSection
	GlobalSection(ExtensibilityGlobals) = postSolution
		SolutionGuid = {A9E72879-6B88-4C00-9C42-EB7A4F100E6C}
	EndGlobalSection
EndGlobal
