
Microsoft Visual Studio Solution File, Format Version 12.00
# Visual Studio Version 17
VisualStudioVersion = 17.2.32630.192
MinimumVisualStudioVersion = 10.0.40219.1
Project("{FAE04EC0-301F-11D3-BF4B-00C04F79EFBC}") = "R5T.I0088-1001.Construction", "R5T.I0088-1001.Construction\R5T.I0088-1001.Construction.csproj", "{FF58F7CE-9557-48FF-A33D-03854F5B47B4}"
EndProject
Project("{FAE04EC0-301F-11D3-BF4B-00C04F79EFBC}") = "R5T.I0088-1001", "R5T.I0088-1001\R5T.I0088-1001.csproj", "{E91E8002-BB2E-49E1-92F1-1C64C3D00ADD}"
EndProject
Project("{2150E333-8FDC-42A3-9474-1A3956D46DE8}") = "_Dependencies", "_Dependencies", "{9BA8864A-1E73-492F-B4E2-C50DA3A97194}"
EndProject
Project("{9A19103F-16F7-4668-BE54-9A1E7A4F7556}") = "R5T.D0088.Base", "..\..\R5T.D0088\source\R5T.D0088.Base\R5T.D0088.Base.csproj", "{F6344722-5B60-4FED-80F9-486008426F6A}"
EndProject
Project("{9A19103F-16F7-4668-BE54-9A1E7A4F7556}") = "R5T.D1001.A001", "..\..\R5T.D1001\source\R5T.D1001.A001\R5T.D1001.A001.csproj", "{D5D87303-8A4D-4BE0-B805-6D0686C45947}"
EndProject
Project("{9A19103F-16F7-4668-BE54-9A1E7A4F7556}") = "R5T.D1001.Base", "..\..\R5T.D1001\source\R5T.D1001.Base\R5T.D1001.Base.csproj", "{BBA9B3B7-2192-4F17-A0AE-42D6E703733E}"
EndProject
Project("{9A19103F-16F7-4668-BE54-9A1E7A4F7556}") = "R5T.D1001.I001", "..\..\R5T.D1001\source\R5T.D1001.I001\R5T.D1001.I001.csproj", "{F2105F66-3CAE-4071-8993-3A927C1EAEA6}"
EndProject
Project("{9A19103F-16F7-4668-BE54-9A1E7A4F7556}") = "R5T.L0013", "..\..\R5T.L0013\source\R5T.L0013\R5T.L0013.csproj", "{83A10636-0E6E-46DC-8DD0-153665645DAF}"
EndProject
Project("{9A19103F-16F7-4668-BE54-9A1E7A4F7556}") = "R5T.L0015", "..\..\R5T.L0015\source\R5T.L0015\R5T.L0015.csproj", "{6448953C-B95B-47AC-9F03-43E6189D14B9}"
EndProject
Project("{9A19103F-16F7-4668-BE54-9A1E7A4F7556}") = "R5T.T0039.T002", "..\..\R5T.T0039\source\R5T.T0039.T002\R5T.T0039.T002.csproj", "{0641CE53-260B-47C0-AEFA-9A3133B6482C}"
EndProject
Project("{9A19103F-16F7-4668-BE54-9A1E7A4F7556}") = "R5T.T0062.X001", "..\..\R5T.T0062\source\R5T.T0062.X001\R5T.T0062.X001.csproj", "{C3C288AC-7656-4D2C-81EF-D854BE99B02C}"
EndProject
Project("{9A19103F-16F7-4668-BE54-9A1E7A4F7556}") = "R5T.T0062", "..\..\R5T.T0062\source\R5T.T0062\R5T.T0062.csproj", "{69119B01-48D6-4597-84E4-9324AE28BB80}"
EndProject
Project("{9A19103F-16F7-4668-BE54-9A1E7A4F7556}") = "R5T.T0063", "..\..\R5T.T0063\source\R5T.T0063\R5T.T0063.csproj", "{D8025937-ED4D-4EF3-AF46-1019B15D4156}"
EndProject
Project("{9A19103F-16F7-4668-BE54-9A1E7A4F7556}") = "R5T.T0064", "..\..\R5T.T0064\source\R5T.T0064\R5T.T0064.csproj", "{25C3ACD2-8CF9-4053-8CA6-8CD16C092F92}"
EndProject
Project("{9A19103F-16F7-4668-BE54-9A1E7A4F7556}") = "R5T.T0143", "..\..\R5T.T0143\source\R5T.T0143\R5T.T0143.csproj", "{5B166E75-2692-454D-B3A3-1712DBF31B61}"
EndProject
Global
	GlobalSection(NestedProjects) = preSolution
		{F6344722-5B60-4FED-80F9-486008426F6A} = {9BA8864A-1E73-492F-B4E2-C50DA3A97194}
		{D5D87303-8A4D-4BE0-B805-6D0686C45947} = {9BA8864A-1E73-492F-B4E2-C50DA3A97194}
		{BBA9B3B7-2192-4F17-A0AE-42D6E703733E} = {9BA8864A-1E73-492F-B4E2-C50DA3A97194}
		{F2105F66-3CAE-4071-8993-3A927C1EAEA6} = {9BA8864A-1E73-492F-B4E2-C50DA3A97194}
		{83A10636-0E6E-46DC-8DD0-153665645DAF} = {9BA8864A-1E73-492F-B4E2-C50DA3A97194}
		{6448953C-B95B-47AC-9F03-43E6189D14B9} = {9BA8864A-1E73-492F-B4E2-C50DA3A97194}
		{0641CE53-260B-47C0-AEFA-9A3133B6482C} = {9BA8864A-1E73-492F-B4E2-C50DA3A97194}
		{C3C288AC-7656-4D2C-81EF-D854BE99B02C} = {9BA8864A-1E73-492F-B4E2-C50DA3A97194}
		{69119B01-48D6-4597-84E4-9324AE28BB80} = {9BA8864A-1E73-492F-B4E2-C50DA3A97194}
		{D8025937-ED4D-4EF3-AF46-1019B15D4156} = {9BA8864A-1E73-492F-B4E2-C50DA3A97194}
		{25C3ACD2-8CF9-4053-8CA6-8CD16C092F92} = {9BA8864A-1E73-492F-B4E2-C50DA3A97194}
		{5B166E75-2692-454D-B3A3-1712DBF31B61} = {9BA8864A-1E73-492F-B4E2-C50DA3A97194}
	EndGlobalSection
	GlobalSection(SolutionConfigurationPlatforms) = preSolution
		Debug|Any CPU = Debug|Any CPU
		Debug|x64 = Debug|x64
		Debug|x86 = Debug|x86
		Release|Any CPU = Release|Any CPU
		Release|x64 = Release|x64
		Release|x86 = Release|x86
	EndGlobalSection
	GlobalSection(ProjectConfigurationPlatforms) = postSolution
		{FF58F7CE-9557-48FF-A33D-03854F5B47B4}.Debug|Any CPU.ActiveCfg = Debug|Any CPU
		{FF58F7CE-9557-48FF-A33D-03854F5B47B4}.Debug|Any CPU.Build.0 = Debug|Any CPU
		{FF58F7CE-9557-48FF-A33D-03854F5B47B4}.Debug|x64.ActiveCfg = Debug|Any CPU
		{FF58F7CE-9557-48FF-A33D-03854F5B47B4}.Debug|x64.Build.0 = Debug|Any CPU
		{FF58F7CE-9557-48FF-A33D-03854F5B47B4}.Debug|x86.ActiveCfg = Debug|Any CPU
		{FF58F7CE-9557-48FF-A33D-03854F5B47B4}.Debug|x86.Build.0 = Debug|Any CPU
		{FF58F7CE-9557-48FF-A33D-03854F5B47B4}.Release|Any CPU.ActiveCfg = Release|Any CPU
		{FF58F7CE-9557-48FF-A33D-03854F5B47B4}.Release|Any CPU.Build.0 = Release|Any CPU
		{FF58F7CE-9557-48FF-A33D-03854F5B47B4}.Release|x64.ActiveCfg = Release|Any CPU
		{FF58F7CE-9557-48FF-A33D-03854F5B47B4}.Release|x64.Build.0 = Release|Any CPU
		{FF58F7CE-9557-48FF-A33D-03854F5B47B4}.Release|x86.ActiveCfg = Release|Any CPU
		{FF58F7CE-9557-48FF-A33D-03854F5B47B4}.Release|x86.Build.0 = Release|Any CPU
		{E91E8002-BB2E-49E1-92F1-1C64C3D00ADD}.Debug|Any CPU.ActiveCfg = Debug|Any CPU
		{E91E8002-BB2E-49E1-92F1-1C64C3D00ADD}.Debug|Any CPU.Build.0 = Debug|Any CPU
		{E91E8002-BB2E-49E1-92F1-1C64C3D00ADD}.Debug|x64.ActiveCfg = Debug|Any CPU
		{E91E8002-BB2E-49E1-92F1-1C64C3D00ADD}.Debug|x64.Build.0 = Debug|Any CPU
		{E91E8002-BB2E-49E1-92F1-1C64C3D00ADD}.Debug|x86.ActiveCfg = Debug|Any CPU
		{E91E8002-BB2E-49E1-92F1-1C64C3D00ADD}.Debug|x86.Build.0 = Debug|Any CPU
		{E91E8002-BB2E-49E1-92F1-1C64C3D00ADD}.Release|Any CPU.ActiveCfg = Release|Any CPU
		{E91E8002-BB2E-49E1-92F1-1C64C3D00ADD}.Release|Any CPU.Build.0 = Release|Any CPU
		{E91E8002-BB2E-49E1-92F1-1C64C3D00ADD}.Release|x64.ActiveCfg = Release|Any CPU
		{E91E8002-BB2E-49E1-92F1-1C64C3D00ADD}.Release|x64.Build.0 = Release|Any CPU
		{E91E8002-BB2E-49E1-92F1-1C64C3D00ADD}.Release|x86.ActiveCfg = Release|Any CPU
		{E91E8002-BB2E-49E1-92F1-1C64C3D00ADD}.Release|x86.Build.0 = Release|Any CPU
		{F6344722-5B60-4FED-80F9-486008426F6A}.Debug|Any CPU.ActiveCfg = Debug|Any CPU
		{F6344722-5B60-4FED-80F9-486008426F6A}.Debug|Any CPU.Build.0 = Debug|Any CPU
		{F6344722-5B60-4FED-80F9-486008426F6A}.Debug|x64.ActiveCfg = Debug|Any CPU
		{F6344722-5B60-4FED-80F9-486008426F6A}.Debug|x64.Build.0 = Debug|Any CPU
		{F6344722-5B60-4FED-80F9-486008426F6A}.Debug|x86.ActiveCfg = Debug|Any CPU
		{F6344722-5B60-4FED-80F9-486008426F6A}.Debug|x86.Build.0 = Debug|Any CPU
		{F6344722-5B60-4FED-80F9-486008426F6A}.Release|Any CPU.ActiveCfg = Release|Any CPU
		{F6344722-5B60-4FED-80F9-486008426F6A}.Release|Any CPU.Build.0 = Release|Any CPU
		{F6344722-5B60-4FED-80F9-486008426F6A}.Release|x64.ActiveCfg = Release|Any CPU
		{F6344722-5B60-4FED-80F9-486008426F6A}.Release|x64.Build.0 = Release|Any CPU
		{F6344722-5B60-4FED-80F9-486008426F6A}.Release|x86.ActiveCfg = Release|Any CPU
		{F6344722-5B60-4FED-80F9-486008426F6A}.Release|x86.Build.0 = Release|Any CPU
		{D5D87303-8A4D-4BE0-B805-6D0686C45947}.Debug|Any CPU.ActiveCfg = Debug|Any CPU
		{D5D87303-8A4D-4BE0-B805-6D0686C45947}.Debug|Any CPU.Build.0 = Debug|Any CPU
		{D5D87303-8A4D-4BE0-B805-6D0686C45947}.Debug|x64.ActiveCfg = Debug|Any CPU
		{D5D87303-8A4D-4BE0-B805-6D0686C45947}.Debug|x64.Build.0 = Debug|Any CPU
		{D5D87303-8A4D-4BE0-B805-6D0686C45947}.Debug|x86.ActiveCfg = Debug|Any CPU
		{D5D87303-8A4D-4BE0-B805-6D0686C45947}.Debug|x86.Build.0 = Debug|Any CPU
		{D5D87303-8A4D-4BE0-B805-6D0686C45947}.Release|Any CPU.ActiveCfg = Release|Any CPU
		{D5D87303-8A4D-4BE0-B805-6D0686C45947}.Release|Any CPU.Build.0 = Release|Any CPU
		{D5D87303-8A4D-4BE0-B805-6D0686C45947}.Release|x64.ActiveCfg = Release|Any CPU
		{D5D87303-8A4D-4BE0-B805-6D0686C45947}.Release|x64.Build.0 = Release|Any CPU
		{D5D87303-8A4D-4BE0-B805-6D0686C45947}.Release|x86.ActiveCfg = Release|Any CPU
		{D5D87303-8A4D-4BE0-B805-6D0686C45947}.Release|x86.Build.0 = Release|Any CPU
		{BBA9B3B7-2192-4F17-A0AE-42D6E703733E}.Debug|Any CPU.ActiveCfg = Debug|Any CPU
		{BBA9B3B7-2192-4F17-A0AE-42D6E703733E}.Debug|Any CPU.Build.0 = Debug|Any CPU
		{BBA9B3B7-2192-4F17-A0AE-42D6E703733E}.Debug|x64.ActiveCfg = Debug|Any CPU
		{BBA9B3B7-2192-4F17-A0AE-42D6E703733E}.Debug|x64.Build.0 = Debug|Any CPU
		{BBA9B3B7-2192-4F17-A0AE-42D6E703733E}.Debug|x86.ActiveCfg = Debug|Any CPU
		{BBA9B3B7-2192-4F17-A0AE-42D6E703733E}.Debug|x86.Build.0 = Debug|Any CPU
		{BBA9B3B7-2192-4F17-A0AE-42D6E703733E}.Release|Any CPU.ActiveCfg = Release|Any CPU
		{BBA9B3B7-2192-4F17-A0AE-42D6E703733E}.Release|Any CPU.Build.0 = Release|Any CPU
		{BBA9B3B7-2192-4F17-A0AE-42D6E703733E}.Release|x64.ActiveCfg = Release|Any CPU
		{BBA9B3B7-2192-4F17-A0AE-42D6E703733E}.Release|x64.Build.0 = Release|Any CPU
		{BBA9B3B7-2192-4F17-A0AE-42D6E703733E}.Release|x86.ActiveCfg = Release|Any CPU
		{BBA9B3B7-2192-4F17-A0AE-42D6E703733E}.Release|x86.Build.0 = Release|Any CPU
		{F2105F66-3CAE-4071-8993-3A927C1EAEA6}.Debug|Any CPU.ActiveCfg = Debug|Any CPU
		{F2105F66-3CAE-4071-8993-3A927C1EAEA6}.Debug|Any CPU.Build.0 = Debug|Any CPU
		{F2105F66-3CAE-4071-8993-3A927C1EAEA6}.Debug|x64.ActiveCfg = Debug|Any CPU
		{F2105F66-3CAE-4071-8993-3A927C1EAEA6}.Debug|x64.Build.0 = Debug|Any CPU
		{F2105F66-3CAE-4071-8993-3A927C1EAEA6}.Debug|x86.ActiveCfg = Debug|Any CPU
		{F2105F66-3CAE-4071-8993-3A927C1EAEA6}.Debug|x86.Build.0 = Debug|Any CPU
		{F2105F66-3CAE-4071-8993-3A927C1EAEA6}.Release|Any CPU.ActiveCfg = Release|Any CPU
		{F2105F66-3CAE-4071-8993-3A927C1EAEA6}.Release|Any CPU.Build.0 = Release|Any CPU
		{F2105F66-3CAE-4071-8993-3A927C1EAEA6}.Release|x64.ActiveCfg = Release|Any CPU
		{F2105F66-3CAE-4071-8993-3A927C1EAEA6}.Release|x64.Build.0 = Release|Any CPU
		{F2105F66-3CAE-4071-8993-3A927C1EAEA6}.Release|x86.ActiveCfg = Release|Any CPU
		{F2105F66-3CAE-4071-8993-3A927C1EAEA6}.Release|x86.Build.0 = Release|Any CPU
		{83A10636-0E6E-46DC-8DD0-153665645DAF}.Debug|Any CPU.ActiveCfg = Debug|Any CPU
		{83A10636-0E6E-46DC-8DD0-153665645DAF}.Debug|Any CPU.Build.0 = Debug|Any CPU
		{83A10636-0E6E-46DC-8DD0-153665645DAF}.Debug|x64.ActiveCfg = Debug|Any CPU
		{83A10636-0E6E-46DC-8DD0-153665645DAF}.Debug|x64.Build.0 = Debug|Any CPU
		{83A10636-0E6E-46DC-8DD0-153665645DAF}.Debug|x86.ActiveCfg = Debug|Any CPU
		{83A10636-0E6E-46DC-8DD0-153665645DAF}.Debug|x86.Build.0 = Debug|Any CPU
		{83A10636-0E6E-46DC-8DD0-153665645DAF}.Release|Any CPU.ActiveCfg = Release|Any CPU
		{83A10636-0E6E-46DC-8DD0-153665645DAF}.Release|Any CPU.Build.0 = Release|Any CPU
		{83A10636-0E6E-46DC-8DD0-153665645DAF}.Release|x64.ActiveCfg = Release|Any CPU
		{83A10636-0E6E-46DC-8DD0-153665645DAF}.Release|x64.Build.0 = Release|Any CPU
		{83A10636-0E6E-46DC-8DD0-153665645DAF}.Release|x86.ActiveCfg = Release|Any CPU
		{83A10636-0E6E-46DC-8DD0-153665645DAF}.Release|x86.Build.0 = Release|Any CPU
		{6448953C-B95B-47AC-9F03-43E6189D14B9}.Debug|Any CPU.ActiveCfg = Debug|Any CPU
		{6448953C-B95B-47AC-9F03-43E6189D14B9}.Debug|Any CPU.Build.0 = Debug|Any CPU
		{6448953C-B95B-47AC-9F03-43E6189D14B9}.Debug|x64.ActiveCfg = Debug|Any CPU
		{6448953C-B95B-47AC-9F03-43E6189D14B9}.Debug|x64.Build.0 = Debug|Any CPU
		{6448953C-B95B-47AC-9F03-43E6189D14B9}.Debug|x86.ActiveCfg = Debug|Any CPU
		{6448953C-B95B-47AC-9F03-43E6189D14B9}.Debug|x86.Build.0 = Debug|Any CPU
		{6448953C-B95B-47AC-9F03-43E6189D14B9}.Release|Any CPU.ActiveCfg = Release|Any CPU
		{6448953C-B95B-47AC-9F03-43E6189D14B9}.Release|Any CPU.Build.0 = Release|Any CPU
		{6448953C-B95B-47AC-9F03-43E6189D14B9}.Release|x64.ActiveCfg = Release|Any CPU
		{6448953C-B95B-47AC-9F03-43E6189D14B9}.Release|x64.Build.0 = Release|Any CPU
		{6448953C-B95B-47AC-9F03-43E6189D14B9}.Release|x86.ActiveCfg = Release|Any CPU
		{6448953C-B95B-47AC-9F03-43E6189D14B9}.Release|x86.Build.0 = Release|Any CPU
		{0641CE53-260B-47C0-AEFA-9A3133B6482C}.Debug|Any CPU.ActiveCfg = Debug|Any CPU
		{0641CE53-260B-47C0-AEFA-9A3133B6482C}.Debug|Any CPU.Build.0 = Debug|Any CPU
		{0641CE53-260B-47C0-AEFA-9A3133B6482C}.Debug|x64.ActiveCfg = Debug|Any CPU
		{0641CE53-260B-47C0-AEFA-9A3133B6482C}.Debug|x64.Build.0 = Debug|Any CPU
		{0641CE53-260B-47C0-AEFA-9A3133B6482C}.Debug|x86.ActiveCfg = Debug|Any CPU
		{0641CE53-260B-47C0-AEFA-9A3133B6482C}.Debug|x86.Build.0 = Debug|Any CPU
		{0641CE53-260B-47C0-AEFA-9A3133B6482C}.Release|Any CPU.ActiveCfg = Release|Any CPU
		{0641CE53-260B-47C0-AEFA-9A3133B6482C}.Release|Any CPU.Build.0 = Release|Any CPU
		{0641CE53-260B-47C0-AEFA-9A3133B6482C}.Release|x64.ActiveCfg = Release|Any CPU
		{0641CE53-260B-47C0-AEFA-9A3133B6482C}.Release|x64.Build.0 = Release|Any CPU
		{0641CE53-260B-47C0-AEFA-9A3133B6482C}.Release|x86.ActiveCfg = Release|Any CPU
		{0641CE53-260B-47C0-AEFA-9A3133B6482C}.Release|x86.Build.0 = Release|Any CPU
		{C3C288AC-7656-4D2C-81EF-D854BE99B02C}.Debug|Any CPU.ActiveCfg = Debug|Any CPU
		{C3C288AC-7656-4D2C-81EF-D854BE99B02C}.Debug|Any CPU.Build.0 = Debug|Any CPU
		{C3C288AC-7656-4D2C-81EF-D854BE99B02C}.Debug|x64.ActiveCfg = Debug|Any CPU
		{C3C288AC-7656-4D2C-81EF-D854BE99B02C}.Debug|x64.Build.0 = Debug|Any CPU
		{C3C288AC-7656-4D2C-81EF-D854BE99B02C}.Debug|x86.ActiveCfg = Debug|Any CPU
		{C3C288AC-7656-4D2C-81EF-D854BE99B02C}.Debug|x86.Build.0 = Debug|Any CPU
		{C3C288AC-7656-4D2C-81EF-D854BE99B02C}.Release|Any CPU.ActiveCfg = Release|Any CPU
		{C3C288AC-7656-4D2C-81EF-D854BE99B02C}.Release|Any CPU.Build.0 = Release|Any CPU
		{C3C288AC-7656-4D2C-81EF-D854BE99B02C}.Release|x64.ActiveCfg = Release|Any CPU
		{C3C288AC-7656-4D2C-81EF-D854BE99B02C}.Release|x64.Build.0 = Release|Any CPU
		{C3C288AC-7656-4D2C-81EF-D854BE99B02C}.Release|x86.ActiveCfg = Release|Any CPU
		{C3C288AC-7656-4D2C-81EF-D854BE99B02C}.Release|x86.Build.0 = Release|Any CPU
		{69119B01-48D6-4597-84E4-9324AE28BB80}.Debug|Any CPU.ActiveCfg = Debug|Any CPU
		{69119B01-48D6-4597-84E4-9324AE28BB80}.Debug|Any CPU.Build.0 = Debug|Any CPU
		{69119B01-48D6-4597-84E4-9324AE28BB80}.Debug|x64.ActiveCfg = Debug|Any CPU
		{69119B01-48D6-4597-84E4-9324AE28BB80}.Debug|x64.Build.0 = Debug|Any CPU
		{69119B01-48D6-4597-84E4-9324AE28BB80}.Debug|x86.ActiveCfg = Debug|Any CPU
		{69119B01-48D6-4597-84E4-9324AE28BB80}.Debug|x86.Build.0 = Debug|Any CPU
		{69119B01-48D6-4597-84E4-9324AE28BB80}.Release|Any CPU.ActiveCfg = Release|Any CPU
		{69119B01-48D6-4597-84E4-9324AE28BB80}.Release|Any CPU.Build.0 = Release|Any CPU
		{69119B01-48D6-4597-84E4-9324AE28BB80}.Release|x64.ActiveCfg = Release|Any CPU
		{69119B01-48D6-4597-84E4-9324AE28BB80}.Release|x64.Build.0 = Release|Any CPU
		{69119B01-48D6-4597-84E4-9324AE28BB80}.Release|x86.ActiveCfg = Release|Any CPU
		{69119B01-48D6-4597-84E4-9324AE28BB80}.Release|x86.Build.0 = Release|Any CPU
		{D8025937-ED4D-4EF3-AF46-1019B15D4156}.Debug|Any CPU.ActiveCfg = Debug|Any CPU
		{D8025937-ED4D-4EF3-AF46-1019B15D4156}.Debug|Any CPU.Build.0 = Debug|Any CPU
		{D8025937-ED4D-4EF3-AF46-1019B15D4156}.Debug|x64.ActiveCfg = Debug|Any CPU
		{D8025937-ED4D-4EF3-AF46-1019B15D4156}.Debug|x64.Build.0 = Debug|Any CPU
		{D8025937-ED4D-4EF3-AF46-1019B15D4156}.Debug|x86.ActiveCfg = Debug|Any CPU
		{D8025937-ED4D-4EF3-AF46-1019B15D4156}.Debug|x86.Build.0 = Debug|Any CPU
		{D8025937-ED4D-4EF3-AF46-1019B15D4156}.Release|Any CPU.ActiveCfg = Release|Any CPU
		{D8025937-ED4D-4EF3-AF46-1019B15D4156}.Release|Any CPU.Build.0 = Release|Any CPU
		{D8025937-ED4D-4EF3-AF46-1019B15D4156}.Release|x64.ActiveCfg = Release|Any CPU
		{D8025937-ED4D-4EF3-AF46-1019B15D4156}.Release|x64.Build.0 = Release|Any CPU
		{D8025937-ED4D-4EF3-AF46-1019B15D4156}.Release|x86.ActiveCfg = Release|Any CPU
		{D8025937-ED4D-4EF3-AF46-1019B15D4156}.Release|x86.Build.0 = Release|Any CPU
		{25C3ACD2-8CF9-4053-8CA6-8CD16C092F92}.Debug|Any CPU.ActiveCfg = Debug|Any CPU
		{25C3ACD2-8CF9-4053-8CA6-8CD16C092F92}.Debug|Any CPU.Build.0 = Debug|Any CPU
		{25C3ACD2-8CF9-4053-8CA6-8CD16C092F92}.Debug|x64.ActiveCfg = Debug|Any CPU
		{25C3ACD2-8CF9-4053-8CA6-8CD16C092F92}.Debug|x64.Build.0 = Debug|Any CPU
		{25C3ACD2-8CF9-4053-8CA6-8CD16C092F92}.Debug|x86.ActiveCfg = Debug|Any CPU
		{25C3ACD2-8CF9-4053-8CA6-8CD16C092F92}.Debug|x86.Build.0 = Debug|Any CPU
		{25C3ACD2-8CF9-4053-8CA6-8CD16C092F92}.Release|Any CPU.ActiveCfg = Release|Any CPU
		{25C3ACD2-8CF9-4053-8CA6-8CD16C092F92}.Release|Any CPU.Build.0 = Release|Any CPU
		{25C3ACD2-8CF9-4053-8CA6-8CD16C092F92}.Release|x64.ActiveCfg = Release|Any CPU
		{25C3ACD2-8CF9-4053-8CA6-8CD16C092F92}.Release|x64.Build.0 = Release|Any CPU
		{25C3ACD2-8CF9-4053-8CA6-8CD16C092F92}.Release|x86.ActiveCfg = Release|Any CPU
		{25C3ACD2-8CF9-4053-8CA6-8CD16C092F92}.Release|x86.Build.0 = Release|Any CPU
		{5B166E75-2692-454D-B3A3-1712DBF31B61}.Debug|Any CPU.ActiveCfg = Debug|Any CPU
		{5B166E75-2692-454D-B3A3-1712DBF31B61}.Debug|Any CPU.Build.0 = Debug|Any CPU
		{5B166E75-2692-454D-B3A3-1712DBF31B61}.Debug|x64.ActiveCfg = Debug|Any CPU
		{5B166E75-2692-454D-B3A3-1712DBF31B61}.Debug|x64.Build.0 = Debug|Any CPU
		{5B166E75-2692-454D-B3A3-1712DBF31B61}.Debug|x86.ActiveCfg = Debug|Any CPU
		{5B166E75-2692-454D-B3A3-1712DBF31B61}.Debug|x86.Build.0 = Debug|Any CPU
		{5B166E75-2692-454D-B3A3-1712DBF31B61}.Release|Any CPU.ActiveCfg = Release|Any CPU
		{5B166E75-2692-454D-B3A3-1712DBF31B61}.Release|Any CPU.Build.0 = Release|Any CPU
		{5B166E75-2692-454D-B3A3-1712DBF31B61}.Release|x64.ActiveCfg = Release|Any CPU
		{5B166E75-2692-454D-B3A3-1712DBF31B61}.Release|x64.Build.0 = Release|Any CPU
		{5B166E75-2692-454D-B3A3-1712DBF31B61}.Release|x86.ActiveCfg = Release|Any CPU
		{5B166E75-2692-454D-B3A3-1712DBF31B61}.Release|x86.Build.0 = Release|Any CPU
	EndGlobalSection
	GlobalSection(SolutionProperties) = preSolution
		HideSolutionNode = FALSE
	EndGlobalSection
EndGlobal
